
Microsoft Visual Studio Solution File, Format Version 12.00
# Visual Studio Version 17
VisualStudioVersion = 17.5.33414.496
MinimumVisualStudioVersion = 10.0.40219.1
Project("{FAE04EC0-301F-11D3-BF4B-00C04F79EFBC}") = "BurgerApp", "BurgerApp\BurgerApp.csproj", "{3E58120E-5D62-4D00-8320-17ACAD3C9C7A}"
EndProject
Project("{FAE04EC0-301F-11D3-BF4B-00C04F79EFBC}") = "BurgerApp.Domain", "BurgerApp.Domain\BurgerApp.Domain.csproj", "{287C9EBA-CB48-40AF-8342-D42DFB2ADE2A}"
EndProject
Project("{FAE04EC0-301F-11D3-BF4B-00C04F79EFBC}") = "BurgerApp.Data", "BurgerApp.Data\BurgerApp.Data\BurgerApp.Data.csproj", "{1A324679-A963-4198-9159-CBFCD6918A77}"
EndProject
Project("{FAE04EC0-301F-11D3-BF4B-00C04F79EFBC}") = "BurgerApp.Services", "BurgerApp.Services\BurgerApp.Services.csproj", "{E4A549E5-A01A-46AA-A15A-15D30D52E346}"
EndProject
Global
	GlobalSection(SolutionConfigurationPlatforms) = preSolution
		Debug|Any CPU = Debug|Any CPU
		Release|Any CPU = Release|Any CPU
	EndGlobalSection
	GlobalSection(ProjectConfigurationPlatforms) = postSolution
		{3E58120E-5D62-4D00-8320-17ACAD3C9C7A}.Debug|Any CPU.ActiveCfg = Debug|Any CPU
		{3E58120E-5D62-4D00-8320-17ACAD3C9C7A}.Debug|Any CPU.Build.0 = Debug|Any CPU
		{3E58120E-5D62-4D00-8320-17ACAD3C9C7A}.Release|Any CPU.ActiveCfg = Release|Any CPU
		{3E58120E-5D62-4D00-8320-17ACAD3C9C7A}.Release|Any CPU.Build.0 = Release|Any CPU
		{287C9EBA-CB48-40AF-8342-D42DFB2ADE2A}.Debug|Any CPU.ActiveCfg = Debug|Any CPU
		{287C9EBA-CB48-40AF-8342-D42DFB2ADE2A}.Debug|Any CPU.Build.0 = Debug|Any CPU
		{287C9EBA-CB48-40AF-8342-D42DFB2ADE2A}.Release|Any CPU.ActiveCfg = Release|Any CPU
		{287C9EBA-CB48-40AF-8342-D42DFB2ADE2A}.Release|Any CPU.Build.0 = Release|Any CPU
		{1A324679-A963-4198-9159-CBFCD6918A77}.Debug|Any CPU.ActiveCfg = Debug|Any CPU
		{1A324679-A963-4198-9159-CBFCD6918A77}.Debug|Any CPU.Build.0 = Debug|Any CPU
		{1A324679-A963-4198-9159-CBFCD6918A77}.Release|Any CPU.ActiveCfg = Release|Any CPU
		{1A324679-A963-4198-9159-CBFCD6918A77}.Release|Any CPU.Build.0 = Release|Any CPU
		{E4A549E5-A01A-46AA-A15A-15D30D52E346}.Debug|Any CPU.ActiveCfg = Debug|Any CPU
		{E4A549E5-A01A-46AA-A15A-15D30D52E346}.Debug|Any CPU.Build.0 = Debug|Any CPU
		{E4A549E5-A01A-46AA-A15A-15D30D52E346}.Release|Any CPU.ActiveCfg = Release|Any CPU
		{E4A549E5-A01A-46AA-A15A-15D30D52E346}.Release|Any CPU.Build.0 = Release|Any CPU
	EndGlobalSection
	GlobalSection(SolutionProperties) = preSolution
		HideSolutionNode = FALSE
	EndGlobalSection
	GlobalSection(ExtensibilityGlobals) = postSolution
		SolutionGuid = {9EAF3B43-9785-4439-B656-89E434B3DB6E}
	EndGlobalSection
EndGlobal
